<?xml version="1.0" encoding="utf-8"?>
<Project ToolsVersion="4.0" xmlns="http://schemas.microsoft.com/developer/msbuild/2003">
  <ItemGroup>
    <Filter Include="Source Files">
      <UniqueIdentifier>{4FC737F1-C7A5-4376-A066-2A32D752A2FF}</UniqueIdentifier>
      <Extensions>cpp;c;cc;cxx;def;odl;idl;hpj;bat;asm;asmx</Extensions>
    </Filter>
    <Filter Include="Header Files">
      <UniqueIdentifier>{93995380-89BD-4b04-88EB-625FBE52EBFB}</UniqueIdentifier>
      <Extensions>h;hh;hpp;hxx;hm;inl;inc;xsd</Extensions>
    </Filter>
    <Filter Include="Resource Files">
      <UniqueIdentifier>{67DA6AB6-F800-4c08-8B7A-83BB121AAD01}</UniqueIdentifier>
      <Extensions>rc;ico;cur;bmp;dlg;rc2;rct;bin;rgs;gif;jpg;jpeg;jpe;resx;tiff;tif;png;wav;mfcribbon-ms</Extensions>
    </Filter>
    <Filter Include="Header Files\InputWrapper">
      <UniqueIdentifier>{f43f5541-9f1f-471a-8a9c-e5ea5d5ce032}</UniqueIdentifier>
    </Filter>
    <Filter Include="Source Files\InputWrapper">
      <UniqueIdentifier>{fd3cbe74-6bae-4e1d-b2b0-418081a4e2b6}</UniqueIdentifier>
    </Filter>
    <Filter Include="Header Files\Timers">
      <UniqueIdentifier>{d0bfb330-bc7d-4ea1-8103-d4403db07376}</UniqueIdentifier>
    </Filter>
    <Filter Include="Source Files\Timers">
      <UniqueIdentifier>{830ebc4d-b061-40ff-9086-f1fab0c7a7df}</UniqueIdentifier>
    </Filter>
    <Filter Include="Header Files\Utils">
      <UniqueIdentifier>{68e2e5bc-231b-4dec-91ff-30d6821f21e9}</UniqueIdentifier>
    </Filter>
    <Filter Include="Header Files\PreGenerated">
      <UniqueIdentifier>{38f0d68f-ffbe-420a-bc65-6eaa2c9a1492}</UniqueIdentifier>
    </Filter>
    <Filter Include="Source Files\PreGenerated">
      <UniqueIdentifier>{93b85998-2f4d-42a4-804e-3b47ada81cb0}</UniqueIdentifier>
    </Filter>
    <Filter Include="Header Files\Containers">
      <UniqueIdentifier>{f48d4193-bc77-49bc-af72-41d063adabe3}</UniqueIdentifier>
    </Filter>
    <Filter Include="Header Files\Vector">
      <UniqueIdentifier>{2375107c-f091-44a9-b927-bcec910b363f}</UniqueIdentifier>
    </Filter>
    <Filter Include="Header Files\Debug">
      <UniqueIdentifier>{20be8f77-a0b4-4158-bae0-0118c1caa691}</UniqueIdentifier>
    </Filter>
    <Filter Include="Source Files\Debug">
      <UniqueIdentifier>{a6fb66a4-435a-4513-92bd-3ccff0fb7cd1}</UniqueIdentifier>
    </Filter>
    <Filter Include="Header Files\TinyXML">
      <UniqueIdentifier>{399b1219-9800-406f-9e8e-1773f46531e1}</UniqueIdentifier>
    </Filter>
    <Filter Include="Source Files\TinyXML">
      <UniqueIdentifier>{2b56f6fb-7fe1-4238-bd77-49d6acd9b043}</UniqueIdentifier>
    </Filter>
    <Filter Include="Header Files\Matrix">
      <UniqueIdentifier>{b68b5276-43af-4995-a281-0fddd2db00c1}</UniqueIdentifier>
    </Filter>
    <Filter Include="Header Files\Line">
      <UniqueIdentifier>{4cd27280-32a0-4ad8-b302-b049033a0579}</UniqueIdentifier>
    </Filter>
    <Filter Include="Header Files\Plane">
      <UniqueIdentifier>{aca839c7-1f89-41f5-b31d-d1e96f538d26}</UniqueIdentifier>
    </Filter>
  </ItemGroup>
  <ItemGroup>
    <Text Include="ReadMe.txt" />
  </ItemGroup>
  <ItemGroup>
    <ClInclude Include="InputWrapper.h">
      <Filter>Header Files\InputWrapper</Filter>
    </ClInclude>
    <ClInclude Include="TimerManager.h">
      <Filter>Header Files\Timers</Filter>
    </ClInclude>
    <ClInclude Include="Timer.h">
      <Filter>Header Files\Timers</Filter>
    </ClInclude>
    <ClInclude Include="Macros.h">
      <Filter>Header Files\Utils</Filter>
    </ClInclude>
    <ClInclude Include="stdafx.h">
      <Filter>Header Files\PreGenerated</Filter>
    </ClInclude>
    <ClInclude Include="targetver.h">
      <Filter>Header Files\PreGenerated</Filter>
    </ClInclude>
    <ClInclude Include="StaticArray.h">
      <Filter>Header Files\Containers</Filter>
    </ClInclude>
    <ClInclude Include="GrowingArray.h">
      <Filter>Header Files\Containers</Filter>
    </ClInclude>
    <ClInclude Include="VectorOnStack.h">
      <Filter>Header Files\Containers</Filter>
    </ClInclude>
    <ClInclude Include="Stack.h">
      <Filter>Header Files\Containers</Filter>
    </ClInclude>
    <ClInclude Include="Vector4decl.h">
      <Filter>Header Files\Vector</Filter>
    </ClInclude>
    <ClInclude Include="Vector.h">
      <Filter>Header Files\Vector</Filter>
    </ClInclude>
    <ClInclude Include="Vector2.h">
      <Filter>Header Files\Vector</Filter>
    </ClInclude>
    <ClInclude Include="Vector2decl.h">
      <Filter>Header Files\Vector</Filter>
    </ClInclude>
    <ClInclude Include="Vector3.h">
      <Filter>Header Files\Vector</Filter>
    </ClInclude>
    <ClInclude Include="Vector3decl.h">
      <Filter>Header Files\Vector</Filter>
    </ClInclude>
    <ClInclude Include="Vector4.h">
      <Filter>Header Files\Vector</Filter>
    </ClInclude>
    <ClInclude Include="DL_StackWalker.h">
      <Filter>Header Files\Debug</Filter>
    </ClInclude>
    <ClInclude Include="StackWalker.h">
      <Filter>Header Files\Debug</Filter>
    </ClInclude>
    <ClInclude Include="DL_Debug.h">
      <Filter>Header Files\Debug</Filter>
    </ClInclude>
    <ClInclude Include="DL_Assert.h">
      <Filter>Header Files\Debug</Filter>
    </ClInclude>
    <ClInclude Include="tinyxml2.h">
      <Filter>Header Files\TinyXML</Filter>
    </ClInclude>
    <ClInclude Include="Matrix44decl.h">
      <Filter>Header Files\Matrix</Filter>
    </ClInclude>
    <ClInclude Include="Matrix33.h">
      <Filter>Header Files\Matrix</Filter>
    </ClInclude>
    <ClInclude Include="Matrix33decl.h">
      <Filter>Header Files\Matrix</Filter>
    </ClInclude>
    <ClInclude Include="Matrix44.h">
      <Filter>Header Files\Matrix</Filter>
    </ClInclude>
    <ClInclude Include="Matrix.h">
      <Filter>Header Files\Matrix</Filter>
    </ClInclude>
    <ClInclude Include="LineVolume.h">
      <Filter>Header Files\Line</Filter>
    </ClInclude>
    <ClInclude Include="Line.h">
      <Filter>Header Files\Line</Filter>
    </ClInclude>
    <ClInclude Include="PlaneVolume.h">
      <Filter>Header Files\Plane</Filter>
    </ClInclude>
    <ClInclude Include="Plane.h">
      <Filter>Header Files\Plane</Filter>
    </ClInclude>
    <ClInclude Include="Queue.h">
      <Filter>Header Files\Containers</Filter>
    </ClInclude>
    <ClInclude Include="WorkerPool.h">
      <Filter>Header Files</Filter>
    </ClInclude>
    <ClInclude Include="Worker.h">
      <Filter>Header Files</Filter>
    </ClInclude>
    <ClInclude Include="Work.h">
      <Filter>Header Files</Filter>
    </ClInclude>
    <ClInclude Include="CUTime.h">
      <Filter>Header Files\Timers</Filter>
    </ClInclude>
    <ClInclude Include="InputEnums.h">
      <Filter>Header Files\InputWrapper</Filter>
    </ClInclude>
    <ClInclude Include="Intersection.h">
      <Filter>Header Files</Filter>
    </ClInclude>
    <ClInclude Include="LineSegment.h">
      <Filter>Header Files</Filter>
    </ClInclude>
  </ItemGroup>
  <ItemGroup>
    <ClCompile Include="InputWrapper.cpp">
      <Filter>Source Files\InputWrapper</Filter>
    </ClCompile>
    <ClCompile Include="Timer.cpp">
      <Filter>Source Files\Timers</Filter>
    </ClCompile>
    <ClCompile Include="TimerManager.cpp">
      <Filter>Source Files\Timers</Filter>
    </ClCompile>
    <ClCompile Include="stdafx.cpp">
      <Filter>Source Files\PreGenerated</Filter>
    </ClCompile>
    <ClCompile Include="StackWalker.cpp">
      <Filter>Source Files\Debug</Filter>
    </ClCompile>
    <ClCompile Include="DL_StackWalker.cpp">
      <Filter>Source Files\Debug</Filter>
    </ClCompile>
    <ClCompile Include="DL_Debug.cpp">
      <Filter>Source Files\Debug</Filter>
    </ClCompile>
    <ClCompile Include="tinyxml2.cpp">
      <Filter>Source Files\TinyXML</Filter>
    </ClCompile>
    <ClCompile Include="WorkerPool.cpp">
      <Filter>Source Files</Filter>
    </ClCompile>
    <ClCompile Include="Worker.cpp">
      <Filter>Source Files</Filter>
    </ClCompile>
    <ClCompile Include="Work.cpp">
      <Filter>Source Files</Filter>
    </ClCompile>
    <ClCompile Include="CUTime.cpp">
      <Filter>Source Files\Timers</Filter>
    </ClCompile>
    <ClCompile Include="Intersection.cpp">
      <Filter>Source Files</Filter>
    </ClCompile>
  </ItemGroup>
</Project>